<Solution>
  <Project Path="src/GameLocalizationToolkit.Console/GameLocalizationToolkit.Console.csproj" />
  <Project Path="src/GameLocalizationToolkit.Core/GameLocalizationToolkit.Core.csproj" />
  <Project Path="src/GameLocalizationToolkit.Infrastructure/GameLocalizationToolkit.Infrastructure.csproj" Id="0a129f72-06fe-4d9c-9a6b-c08ef76c1fb2" />
  <Project Path="src/GameLocalizationToolkit.Tests/GameLocalizationToolkit.Tests.csproj" Id="b70693d7-0f4b-4b93-a9cb-94546d5b5d9d">
    <Build Solution="Debug|*" Project="false" />
  </Project>
</Solution>
